
Microsoft Visual Studio Solution File, Format Version 12.00
# Visual Studio Version 17
VisualStudioVersion = 17.11.35222.181
MinimumVisualStudioVersion = 10.0.40219.1
Project("{9A19103F-16F7-4668-BE54-9A1E7A4F7556}") = "ContactsManager.API", "ContactsManager.API\ContactsManager.API.csproj", "{1D611416-57D4-4EB8-B90A-AA0C430483B3}"
EndProject
Project("{9A19103F-16F7-4668-BE54-9A1E7A4F7556}") = "ContactsManager.DAL", "ContactsManager.DAL\ContactsManager.DAL.csproj", "{1751F1F1-C3C5-4873-9F9E-6DC87FEC9E4D}"
EndProject
Project("{9A19103F-16F7-4668-BE54-9A1E7A4F7556}") = "ContactsManager.BL", "ContactsManager.BL\ContactsManager.BL.csproj", "{38020316-DD20-40CD-8501-4BF303D54730}"
EndProject
Global
	GlobalSection(SolutionConfigurationPlatforms) = preSolution
		Debug|Any CPU = Debug|Any CPU
		Release|Any CPU = Release|Any CPU
	EndGlobalSection
	GlobalSection(ProjectConfigurationPlatforms) = postSolution
		{1D611416-57D4-4EB8-B90A-AA0C430483B3}.Debug|Any CPU.ActiveCfg = Debug|Any CPU
		{1D611416-57D4-4EB8-B90A-AA0C430483B3}.Debug|Any CPU.Build.0 = Debug|Any CPU
		{1D611416-57D4-4EB8-B90A-AA0C430483B3}.Release|Any CPU.ActiveCfg = Release|Any CPU
		{1D611416-57D4-4EB8-B90A-AA0C430483B3}.Release|Any CPU.Build.0 = Release|Any CPU
		{1751F1F1-C3C5-4873-9F9E-6DC87FEC9E4D}.Debug|Any CPU.ActiveCfg = Debug|Any CPU
		{1751F1F1-C3C5-4873-9F9E-6DC87FEC9E4D}.Debug|Any CPU.Build.0 = Debug|Any CPU
		{1751F1F1-C3C5-4873-9F9E-6DC87FEC9E4D}.Release|Any CPU.ActiveCfg = Release|Any CPU
		{1751F1F1-C3C5-4873-9F9E-6DC87FEC9E4D}.Release|Any CPU.Build.0 = Release|Any CPU
		{38020316-DD20-40CD-8501-4BF303D54730}.Debug|Any CPU.ActiveCfg = Debug|Any CPU
		{38020316-DD20-40CD-8501-4BF303D54730}.Debug|Any CPU.Build.0 = Debug|Any CPU
		{38020316-DD20-40CD-8501-4BF303D54730}.Release|Any CPU.ActiveCfg = Release|Any CPU
		{38020316-DD20-40CD-8501-4BF303D54730}.Release|Any CPU.Build.0 = Release|Any CPU
	EndGlobalSection
	GlobalSection(SolutionProperties) = preSolution
		HideSolutionNode = FALSE
	EndGlobalSection
	GlobalSection(ExtensibilityGlobals) = postSolution
		SolutionGuid = {589066A8-589A-40DA-BC54-52E4AFC6F6DB}
	EndGlobalSection
EndGlobal
